
Microsoft Visual Studio Solution File, Format Version 12.00
# Visual Studio Version 17
VisualStudioVersion = 17.7.34202.233
MinimumVisualStudioVersion = 10.0.40219.1
Project("{FAE04EC0-301F-11D3-BF4B-00C04F79EFBC}") = "WebAPI", "WebAPI\WebAPI.csproj", "{4DFFEDE1-C369-4B12-AAC4-D6C6D9B8514C}"
EndProject
Project("{FAE04EC0-301F-11D3-BF4B-00C04F79EFBC}") = "Maris_Sorana_Lab11", "Maris_Sorana_Lab11\Maris_Sorana_Lab11.csproj", "{54E70D47-2843-48A4-8AFB-E60A5C3F602E}"
EndProject
Global
	GlobalSection(SolutionConfigurationPlatforms) = preSolution
		Debug|Any CPU = Debug|Any CPU
		Release|Any CPU = Release|Any CPU
	EndGlobalSection
	GlobalSection(ProjectConfigurationPlatforms) = postSolution
		{4DFFEDE1-C369-4B12-AAC4-D6C6D9B8514C}.Debug|Any CPU.ActiveCfg = Debug|Any CPU
		{4DFFEDE1-C369-4B12-AAC4-D6C6D9B8514C}.Debug|Any CPU.Build.0 = Debug|Any CPU
		{4DFFEDE1-C369-4B12-AAC4-D6C6D9B8514C}.Release|Any CPU.ActiveCfg = Release|Any CPU
		{4DFFEDE1-C369-4B12-AAC4-D6C6D9B8514C}.Release|Any CPU.Build.0 = Release|Any CPU
		{54E70D47-2843-48A4-8AFB-E60A5C3F602E}.Debug|Any CPU.ActiveCfg = Debug|Any CPU
		{54E70D47-2843-48A4-8AFB-E60A5C3F602E}.Debug|Any CPU.Build.0 = Debug|Any CPU
		{54E70D47-2843-48A4-8AFB-E60A5C3F602E}.Debug|Any CPU.Deploy.0 = Debug|Any CPU
		{54E70D47-2843-48A4-8AFB-E60A5C3F602E}.Release|Any CPU.ActiveCfg = Release|Any CPU
		{54E70D47-2843-48A4-8AFB-E60A5C3F602E}.Release|Any CPU.Build.0 = Release|Any CPU
		{54E70D47-2843-48A4-8AFB-E60A5C3F602E}.Release|Any CPU.Deploy.0 = Release|Any CPU
	EndGlobalSection
	GlobalSection(SolutionProperties) = preSolution
		HideSolutionNode = FALSE
	EndGlobalSection
	GlobalSection(ExtensibilityGlobals) = postSolution
		SolutionGuid = {ED951899-F9FD-4EFB-848F-24EE56AFB4C3}
	EndGlobalSection
EndGlobal
